// !$*UTF8*$!
{
	archiveVersion = 1;
	classes = {
	};
	objectVersion = 46;
	objects = {

/* Begin PBXBuildFile section */
		AA04FA6519D6B77800F8CEC8 /* Foundation.framework in Frameworks */ = {isa = PBXBuildFile; fileRef = AA04FA6419D6B77800F8CEC8 /* Foundation.framework */; };
		AA04FA6719D6B77800F8CEC8 /* CoreGraphics.framework in Frameworks */ = {isa = PBXBuildFile; fileRef = AA04FA6619D6B77800F8CEC8 /* CoreGraphics.framework */; };
		AA04FA6919D6B77800F8CEC8 /* UIKit.framework in Frameworks */ = {isa = PBXBuildFile; fileRef = AA04FA6819D6B77800F8CEC8 /* UIKit.framework */; };
		AA04FA6F19D6B77800F8CEC8 /* InfoPlist.strings in Resources */ = {isa = PBXBuildFile; fileRef = AA04FA6D19D6B77800F8CEC8 /* InfoPlist.strings */; };
		AA04FA7119D6B77800F8CEC8 /* main.m in Sources */ = {isa = PBXBuildFile; fileRef = AA04FA7019D6B77800F8CEC8 /* main.m */; };
		AA04FA7519D6B77800F8CEC8 /* AppDelegate.m in Sources */ = {isa = PBXBuildFile; fileRef = AA04FA7419D6B77800F8CEC8 /* AppDelegate.m */; };
		AA04FA7719D6B77800F8CEC8 /* Images.xcassets in Resources */ = {isa = PBXBuildFile; fileRef = AA04FA7619D6B77800F8CEC8 /* Images.xcassets */; };
		AA04FA7E19D6B77800F8CEC8 /* XCTest.framework in Frameworks */ = {isa = PBXBuildFile; fileRef = AA04FA7D19D6B77800F8CEC8 /* XCTest.framework */; };
		AA04FA7F19D6B77800F8CEC8 /* Foundation.framework in Frameworks */ = {isa = PBXBuildFile; fileRef = AA04FA6419D6B77800F8CEC8 /* Foundation.framework */; };
		AA04FA8019D6B77800F8CEC8 /* UIKit.framework in Frameworks */ = {isa = PBXBuildFile; fileRef = AA04FA6819D6B77800F8CEC8 /* UIKit.framework */; };
		AA04FA8819D6B77800F8CEC8 /* InfoPlist.strings in Resources */ = {isa = PBXBuildFile; fileRef = AA04FA8619D6B77800F8CEC8 /* InfoPlist.strings */; };
		AA04FA8A19D6B77800F8CEC8 /* gittestTests.m in Sources */ = {isa = PBXBuildFile; fileRef = AA04FA8919D6B77800F8CEC8 /* gittestTests.m */; };
/* End PBXBuildFile section */

/* Begin PBXContainerItemProxy section */
		AA04FA8119D6B77800F8CEC8 /* PBXContainerItemProxy */ = {
			isa = PBXContainerItemProxy;
			containerPortal = AA04FA5919D6B77800F8CEC8 /* Project object */;
			proxyType = 1;
			remoteGlobalIDString = AA04FA6019D6B77800F8CEC8;
			remoteInfo = gittest;
		};
/* End PBXContainerItemProxy section */

/* Begin PBXFileReference section */
		AA04FA6119D6B77800F8CEC8 /* gittest.app */ = {isa = PBXFileReference; explicitFileType = wrapper.application; includeInIndex = 0; path = gittest.app; sourceTree = BUILT_PRODUCTS_DIR; };
		AA04FA6419D6B77800F8CEC8 /* Foundation.framework */ = {isa = PBXFileReference; lastKnownFileType = wrapper.framework; name = Foundation.framework; path = System/Library/Frameworks/Foundation.framework; sourceTree = SDKROOT; };
		AA04FA6619D6B77800F8CEC8 /* CoreGraphics.framework */ = {isa = PBXFileReference; lastKnownFileType = wrapper.framework; name = CoreGraphics.framework; path = System/Library/Frameworks/CoreGraphics.framework; sourceTree = SDKROOT; };
		AA04FA6819D6B77800F8CEC8 /* UIKit.framework */ = {isa = PBXFileReference; lastKnownFileType = wrapper.framework; name = UIKit.framework; path = System/Library/Frameworks/UIKit.framework; sourceTree = SDKROOT; };
		AA04FA6C19D6B77800F8CEC8 /* gittest-Info.plist */ = {isa = PBXFileReference; lastKnownFileType = text.plist.xml; path = "gittest-Info.plist"; sourceTree = "<group>"; };
		AA04FA6E19D6B77800F8CEC8 /* en */ = {isa = PBXFileReference; lastKnownFileType = text.plist.strings; name = en; path = en.lproj/InfoPlist.strings; sourceTree = "<group>"; };
		AA04FA7019D6B77800F8CEC8 /* main.m */ = {isa = PBXFileReference; lastKnownFileType = sourcecode.c.objc; path = main.m; sourceTree = "<group>"; };
		AA04FA7219D6B77800F8CEC8 /* gittest-Prefix.pch */ = {isa = PBXFileReference; lastKnownFileType = sourcecode.c.h; path = "gittest-Prefix.pch"; sourceTree = "<group>"; };
		AA04FA7319D6B77800F8CEC8 /* AppDelegate.h */ = {isa = PBXFileReference; lastKnownFileType = sourcecode.c.h; path = AppDelegate.h; sourceTree = "<group>"; };
		AA04FA7419D6B77800F8CEC8 /* AppDelegate.m */ = {isa = PBXFileReference; lastKnownFileType = sourcecode.c.objc; path = AppDelegate.m; sourceTree = "<group>"; };
		AA04FA7619D6B77800F8CEC8 /* Images.xcassets */ = {isa = PBXFileReference; lastKnownFileType = folder.assetcatalog; path = Images.xcassets; sourceTree = "<group>"; };
		AA04FA7C19D6B77800F8CEC8 /* gittestTests.xctest */ = {isa = PBXFileReference; explicitFileType = wrapper.cfbundle; includeInIndex = 0; path = gittestTests.xctest; sourceTree = BUILT_PRODUCTS_DIR; };
		AA04FA7D19D6B77800F8CEC8 /* XCTest.framework */ = {isa = PBXFileReference; lastKnownFileType = wrapper.framework; name = XCTest.framework; path = Library/Frameworks/XCTest.framework; sourceTree = DEVELOPER_DIR; };
		AA04FA8519D6B77800F8CEC8 /* gittestTests-Info.plist */ = {isa = PBXFileReference; lastKnownFileType = text.plist.xml; path = "gittestTests-Info.plist"; sourceTree = "<group>"; };
		AA04FA8719D6B77800F8CEC8 /* en */ = {isa = PBXFileReference; lastKnownFileType = text.plist.strings; name = en; path = en.lproj/InfoPlist.strings; sourceTree = "<group>"; };
		AA04FA8919D6B77800F8CEC8 /* gittestTests.m */ = {isa = PBXFileReference; lastKnownFileType = sourcecode.c.objc; path = gittestTests.m; sourceTree = "<group>"; };
/* End PBXFileReference section */

/* Begin PBXFrameworksBuildPhase section */
		AA04FA5E19D6B77800F8CEC8 /* Frameworks */ = {
			isa = PBXFrameworksBuildPhase;
			buildActionMask = 2147483647;
			files = (
				AA04FA6719D6B77800F8CEC8 /* CoreGraphics.framework in Frameworks */,
				AA04FA6919D6B77800F8CEC8 /* UIKit.framework in Frameworks */,
				AA04FA6519D6B77800F8CEC8 /* Foundation.framework in Frameworks */,
			);
			runOnlyForDeploymentPostprocessing = 0;
		};
		AA04FA7919D6B77800F8CEC8 /* Frameworks */ = {
			isa = PBXFrameworksBuildPhase;
			buildActionMask = 2147483647;
			files = (
				AA04FA7E19D6B77800F8CEC8 /* XCTest.framework in Frameworks */,
				AA04FA8019D6B77800F8CEC8 /* UIKit.framework in Frameworks */,
				AA04FA7F19D6B77800F8CEC8 /* Foundation.framework in Frameworks */,
			);
			runOnlyForDeploymentPostprocessing = 0;
		};
/* End PBXFrameworksBuildPhase section */

/* Begin PBXGroup section */
		AA04FA5819D6B77800F8CEC8 = {
			isa = PBXGroup;
			children = (
				AA04FA6A19D6B77800F8CEC8 /* gittest */,
				AA04FA8319D6B77800F8CEC8 /* gittestTests */,
				AA04FA6319D6B77800F8CEC8 /* Frameworks */,
				AA04FA6219D6B77800F8CEC8 /* Products */,
			);
			sourceTree = "<group>";
		};
		AA04FA6219D6B77800F8CEC8 /* Products */ = {
			isa = PBXGroup;
			children = (
				AA04FA6119D6B77800F8CEC8 /* gittest.app */,
				AA04FA7C19D6B77800F8CEC8 /* gittestTests.xctest */,
			);
			name = Products;
			sourceTree = "<group>";
		};
		AA04FA6319D6B77800F8CEC8 /* Frameworks */ = {
			isa = PBXGroup;
			children = (
				AA04FA6419D6B77800F8CEC8 /* Foundation.framework */,
				AA04FA6619D6B77800F8CEC8 /* CoreGraphics.framework */,
				AA04FA6819D6B77800F8CEC8 /* UIKit.framework */,
				AA04FA7D19D6B77800F8CEC8 /* XCTest.framework */,
			);
			name = Frameworks;
			sourceTree = "<group>";
		};
		AA04FA6A19D6B77800F8CEC8 /* gittest */ = {
			isa = PBXGroup;
			children = (
				AA04FA7319D6B77800F8CEC8 /* AppDelegate.h */,
				AA04FA7419D6B77800F8CEC8 /* AppDelegate.m */,
				AA04FA7619D6B77800F8CEC8 /* Images.xcassets */,
				AA04FA6B19D6B77800F8CEC8 /* Supporting Files */,
			);
			path = gittest;
			sourceTree = "<group>";
		};
		AA04FA6B19D6B77800F8CEC8 /* Supporting Files */ = {
			isa = PBXGroup;
			children = (
				AA04FA6C19D6B77800F8CEC8 /* gittest-Info.plist */,
				AA04FA6D19D6B77800F8CEC8 /* InfoPlist.strings */,
				AA04FA7019D6B77800F8CEC8 /* main.m */,
				AA04FA7219D6B77800F8CEC8 /* gittest-Prefix.pch */,
			);
			name = "Supporting Files";
			sourceTree = "<group>";
		};
		AA04FA8319D6B77800F8CEC8 /* gittestTests */ = {
			isa = PBXGroup;
			children = (
				AA04FA8919D6B77800F8CEC8 /* gittestTests.m */,
				AA04FA8419D6B77800F8CEC8 /* Supporting Files */,
			);
			path = gittestTests;
			sourceTree = "<group>";
		};
		AA04FA8419D6B77800F8CEC8 /* Supporting Files */ = {
			isa = PBXGroup;
			children = (
				AA04FA8519D6B77800F8CEC8 /* gittestTests-Info.plist */,
				AA04FA8619D6B77800F8CEC8 /* InfoPlist.strings */,
			);
			name = "Supporting Files";
			sourceTree = "<group>";
		};
/* End PBXGroup section */

/* Begin PBXNativeTarget section */
		AA04FA6019D6B77800F8CEC8 /* gittest */ = {
			isa = PBXNativeTarget;
			buildConfigurationList = AA04FA8D19D6B77900F8CEC8 /* Build configuration list for PBXNativeTarget "gittest" */;
			buildPhases = (
				AA04FA5D19D6B77800F8CEC8 /* Sources */,
				AA04FA5E19D6B77800F8CEC8 /* Frameworks */,
				AA04FA5F19D6B77800F8CEC8 /* Resources */,
			);
			buildRules = (
			);
			dependencies = (
			);
			name = gittest;
			productName = gittest;
			productReference = AA04FA6119D6B77800F8CEC8 /* gittest.app */;
			productType = "com.apple.product-type.application";
		};
		AA04FA7B19D6B77800F8CEC8 /* gittestTests */ = {
			isa = PBXNativeTarget;
			buildConfigurationList = AA04FA9019D6B77900F8CEC8 /* Build configuration list for PBXNativeTarget "gittestTests" */;
			buildPhases = (
				AA04FA7819D6B77800F8CEC8 /* Sources */,
				AA04FA7919D6B77800F8CEC8 /* Frameworks */,
				AA04FA7A19D6B77800F8CEC8 /* Resources */,
			);
			buildRules = (
			);
			dependencies = (
				AA04FA8219D6B77800F8CEC8 /* PBXTargetDependency */,
			);
			name = gittestTests;
			productName = gittestTests;
			productReference = AA04FA7C19D6B77800F8CEC8 /* gittestTests.xctest */;
			productType = "com.apple.product-type.bundle.unit-test";
		};
/* End PBXNativeTarget section */

/* Begin PBXProject section */
		AA04FA5919D6B77800F8CEC8 /* Project object */ = {
			isa = PBXProject;
			attributes = {
				LastUpgradeCheck = 0510;
				ORGANIZATIONNAME = MrWang;
				TargetAttributes = {
					AA04FA7B19D6B77800F8CEC8 = {
						TestTargetID = AA04FA6019D6B77800F8CEC8;
					};
				};
			};
			buildConfigurationList = AA04FA5C19D6B77800F8CEC8 /* Build configuration list for PBXProject "gittest" */;
			compatibilityVersion = "Xcode 3.2";
			developmentRegion = English;
			hasScannedForEncodings = 0;
			knownRegions = (
				en,
			);
			mainGroup = AA04FA5819D6B77800F8CEC8;
			productRefGroup = AA04FA6219D6B77800F8CEC8 /* Products */;
			projectDirPath = "";
			projectRoot = "";
			targets = (
				AA04FA6019D6B77800F8CEC8 /* gittest */,
				AA04FA7B19D6B77800F8CEC8 /* gittestTests */,
			);
		};
/* End PBXProject section */

/* Begin PBXResourcesBuildPhase section */
		AA04FA5F19D6B77800F8CEC8 /* Resources */ = {
			isa = PBXResourcesBuildPhase;
			buildActionMask = 2147483647;
			files = (
				AA04FA6F19D6B77800F8CEC8 /* InfoPlist.strings in Resources */,
				AA04FA7719D6B77800F8CEC8 /* Images.xcassets in Resources */,
			);
			runOnlyForDeploymentPostprocessing = 0;
		};
		AA04FA7A19D6B77800F8CEC8 /* Resources */ = {
			isa = PBXResourcesBuildPhase;
			buildActionMask = 2147483647;
			files = (
				AA04FA8819D6B77800F8CEC8 /* InfoPlist.strings in Resources */,
			);
			runOnlyForDeploymentPostprocessing = 0;
		};
/* End PBXResourcesBuildPhase section */

/* Begin PBXSourcesBuildPhase section */
		AA04FA5D19D6B77800F8CEC8 /* Sources */ = {
			isa = PBXSourcesBuildPhase;
			buildActionMask = 2147483647;
			files = (
				AA04FA7519D6B77800F8CEC8 /* AppDelegate.m in Sources */,
				AA04FA7119D6B77800F8CEC8 /* main.m in Sources */,
			);
			runOnlyForDeploymentPostprocessing = 0;
		};
		AA04FA7819D6B77800F8CEC8 /* Sources */ = {
			isa = PBXSourcesBuildPhase;
			buildActionMask = 2147483647;
			files = (
				AA04FA8A19D6B77800F8CEC8 /* gittestTests.m in Sources */,
			);
			runOnlyForDeploymentPostprocessing = 0;
		};
/* End PBXSourcesBuildPhase section */

/* Begin PBXTargetDependency section */
		AA04FA8219D6B77800F8CEC8 /* PBXTargetDependency */ = {
			isa = PBXTargetDependency;
			target = AA04FA6019D6B77800F8CEC8 /* gittest */;
			targetProxy = AA04FA8119D6B77800F8CEC8 /* PBXContainerItemProxy */;
		};
/* End PBXTargetDependency section */

/* Begin PBXVariantGroup section */
		AA04FA6D19D6B77800F8CEC8 /* InfoPlist.strings */ = {
			isa = PBXVariantGroup;
			children = (
				AA04FA6E19D6B77800F8CEC8 /* en */,
			);
			name = InfoPlist.strings;
			sourceTree = "<group>";
		};
		AA04FA8619D6B77800F8CEC8 /* InfoPlist.strings */ = {
			isa = PBXVariantGroup;
			children = (
				AA04FA8719D6B77800F8CEC8 /* en */,
			);
			name = InfoPlist.strings;
			sourceTree = "<group>";
		};
/* End PBXVariantGroup section */

/* Begin XCBuildConfiguration section */
		AA04FA8B19D6B77900F8CEC8 /* Debug */ = {
			isa = XCBuildConfiguration;
			buildSettings = {
				ALWAYS_SEARCH_USER_PATHS = NO;
				CLANG_CXX_LANGUAGE_STANDARD = "gnu++0x";
				CLANG_CXX_LIBRARY = "libc++";
				CLANG_ENABLE_MODULES = YES;
				CLANG_ENABLE_OBJC_ARC = YES;
				CLANG_WARN_BOOL_CONVERSION = YES;
				CLANG_WARN_CONSTANT_CONVERSION = YES;
				CLANG_WARN_DIRECT_OBJC_ISA_USAGE = YES_ERROR;
				CLANG_WARN_EMPTY_BODY = YES;
				CLANG_WARN_ENUM_CONVERSION = YES;
				CLANG_WARN_INT_CONVERSION = YES;
				CLANG_WARN_OBJC_ROOT_CLASS = YES_ERROR;
				CLANG_WARN__DUPLICATE_METHOD_MATCH = YES;
				"CODE_SIGN_IDENTITY[sdk=iphoneos*]" = "iPhone Developer";
				COPY_PHASE_STRIP = NO;
				GCC_C_LANGUAGE_STANDARD = gnu99;
				GCC_DYNAMIC_NO_PIC = NO;
				GCC_OPTIMIZATION_LEVEL = 0;
				GCC_PREPROCESSOR_DEFINITIONS = (
					"DEBUG=1",
					"$(inherited)",
				);
				GCC_SYMBOLS_PRIVATE_EXTERN = NO;
				GCC_WARN_64_TO_32_BIT_CONVERSION = YES;
				GCC_WARN_ABOUT_RETURN_TYPE = YES_ERROR;
				GCC_WARN_UNDECLARED_SELECTOR = YES;
				GCC_WARN_UNINITIALIZED_AUTOS = YES_AGGRESSIVE;
				GCC_WARN_UNUSED_FUNCTION = YES;
				GCC_WARN_UNUSED_VARIABLE = YES;
				IPHONEOS_DEPLOYMENT_TARGET = 7.1;
				ONLY_ACTIVE_ARCH = YES;
				SDKROOT = iphoneos;
			};
			name = Debug;
		};
		AA04FA8C19D6B77900F8CEC8 /* Release */ = {
			isa = XCBuildConfiguration;
			buildSettings = {
				ALWAYS_SEARCH_USER_PATHS = NO;
				CLANG_CXX_LANGUAGE_STANDARD = "gnu++0x";
				CLANG_CXX_LIBRARY = "libc++";
				CLANG_ENABLE_MODULES = YES;
				CLANG_ENABLE_OBJC_ARC = YES;
				CLANG_WARN_BOOL_CONVERSION = YES;
				CLANG_WARN_CONSTANT_CONVERSION = YES;
				CLANG_WARN_DIRECT_OBJC_ISA_USAGE = YES_ERROR;
				CLANG_WARN_EMPTY_BODY = YES;
				CLANG_WARN_ENUM_CONVERSION = YES;
				CLANG_WARN_INT_CONVERSION = YES;
				CLANG_WARN_OBJC_ROOT_CLASS = YES_ERROR;
				CLANG_WARN__DUPLICATE_METHOD_MATCH = YES;
				"CODE_SIGN_IDENTITY[sdk=iphoneos*]" = "iPhone Developer";
				COPY_PHASE_STRIP = YES;
				ENABLE_NS_ASSERTIONS = NO;
				GCC_C_LANGUAGE_STANDARD = gnu99;
				GCC_WARN_64_TO_32_BIT_CONVERSION = YES;
				GCC_WARN_ABOUT_RETURN_TYPE = YES_ERROR;
				GCC_WARN_UNDECLARED_SELECTOR = YES;
				GCC_WARN_UNINITIALIZED_AUTOS = YES_AGGRESSIVE;
				GCC_WARN_UNUSED_FUNCTION = YES;
				GCC_WARN_UNUSED_VARIABLE = YES;
				IPHONEOS_DEPLOYMENT_TARGET = 7.1;
				SDKROOT = iphoneos;
				VALIDATE_PRODUCT = YES;
			};
			name = Release;
		};
		AA04FA8E19D6B77900F8CEC8 /* Debug */ = {
			isa = XCBuildConfiguration;
			buildSettings = {
				ASSETCATALOG_COMPILER_APPICON_NAME = AppIcon;
				ASSETCATALOG_COMPILER_LAUNCHIMAGE_NAME = LaunchImage;
				GCC_PRECOMPILE_PREFIX_HEADER = YES;
				GCC_PREFIX_HEADER = "gittest/gittest-Prefix.pch";
				INFOPLIST_FILE = "gittest/gittest-Info.plist";
				PRODUCT_NAME = "$(TARGET_NAME)";
				WRAPPER_EXTENSION = app;
			};
			name = Debug;
		};
		AA04FA8F19D6B77900F8CEC8 /* Release */ = {
			isa = XCBuildConfiguration;
			buildSettings = {
				ASSETCATALOG_COMPILER_APPICON_NAME = AppIcon;
				ASSETCATALOG_COMPILER_LAUNCHIMAGE_NAME = LaunchImage;
				GCC_PRECOMPILE_PREFIX_HEADER = YES;
				GCC_PREFIX_HEADER = "gittest/gittest-Prefix.pch";
				INFOPLIST_FILE = "gittest/gittest-Info.plist";
				PRODUCT_NAME = "$(TARGET_NAME)";
				WRAPPER_EXTENSION = app;
			};
			name = Release;
		};
		AA04FA9119D6B77900F8CEC8 /* Debug */ = {
			isa = XCBuildConfiguration;
			buildSettings = {
				BUNDLE_LOADER = "$(BUILT_PRODUCTS_DIR)/gittest.app/gittest";
				FRAMEWORK_SEARCH_PATHS = (
					"$(SDKROOT)/Developer/Library/Frameworks",
					"$(inherited)",
					"$(DEVELOPER_FRAMEWORKS_DIR)",
				);
				GCC_PRECOMPILE_PREFIX_HEADER = YES;
				GCC_PREFIX_HEADER = "gittest/gittest-Prefix.pch";
				GCC_PREPROCESSOR_DEFINITIONS = (
					"DEBUG=1",
					"$(inherited)",
				);
				INFOPLIST_FILE = "gittestTests/gittestTests-Info.plist";
				PRODUCT_NAME = "$(TARGET_NAME)";
				TEST_HOST = "$(BUNDLE_LOADER)";
				WRAPPER_EXTENSION = xctest;
			};
			name = Debug;
		};
		AA04FA9219D6B77900F8CEC8 /* Release */ = {
			isa = XCBuildConfiguration;
			buildSettings = {
				BUNDLE_LOADER = "$(BUILT_PRODUCTS_DIR)/gittest.app/gittest";
				FRAMEWORK_SEARCH_PATHS = (
					"$(SDKROOT)/Developer/Library/Frameworks",
					"$(inherited)",
					"$(DEVELOPER_FRAMEWORKS_DIR)",
				);
				GCC_PRECOMPILE_PREFIX_HEADER = YES;
				GCC_PREFIX_HEADER = "gittest/gittest-Prefix.pch";
				INFOPLIST_FILE = "gittestTests/gittestTests-Info.plist";
				PRODUCT_NAME = "$(TARGET_NAME)";
				TEST_HOST = "$(BUNDLE_LOADER)";
				WRAPPER_EXTENSION = xctest;
			};
			name = Release;
		};
/* End XCBuildConfiguration section */

/* Begin XCConfigurationList section */
		AA04FA5C19D6B77800F8CEC8 /* Build configuration list for PBXProject "gittest" */ = {
			isa = XCConfigurationList;
			buildConfigurations = (
				AA04FA8B19D6B77900F8CEC8 /* Debug */,
				AA04FA8C19D6B77900F8CEC8 /* Release */,
			);
			defaultConfigurationIsVisible = 0;
			defaultConfigurationName = Release;
		};
		AA04FA8D19D6B77900F8CEC8 /* Build configuration list for PBXNativeTarget "gittest" */ = {
			isa = XCConfigurationList;
			buildConfigurations = (
				AA04FA8E19D6B77900F8CEC8 /* Debug */,
				AA04FA8F19D6B77900F8CEC8 /* Release */,
			);
			defaultConfigurationIsVisible = 0;
		};
		AA04FA9019D6B77900F8CEC8 /* Build configuration list for PBXNativeTarget "gittestTests" */ = {
			isa = XCConfigurationList;
			buildConfigurations = (
				AA04FA9119D6B77900F8CEC8 /* Debug */,
				AA04FA9219D6B77900F8CEC8 /* Release */,
			);
			defaultConfigurationIsVisible = 0;
		};
/* End XCConfigurationList section */
	};
	rootObject = AA04FA5919D6B77800F8CEC8 /* Project object */;
}
